
Microsoft Visual Studio Solution File, Format Version 12.00
# Visual Studio Version 16
VisualStudioVersion = 16.0.33927.289
MinimumVisualStudioVersion = 10.0.40219.1
Project("{2150E333-8FDC-42A3-9474-1A3956D46DE8}") = "Task0", "Task0", "{08D96632-9863-4E30-9FFB-7144283FF8A2}"
EndProject
Project("{FAE04EC0-301F-11D3-BF4B-00C04F79EFBC}") = "Tyuiu.ZhdanovaAA.Sprint4.Task0.V26", "Tyuiu.ZhdanovaAA.Sprint4.Task0.V26\Tyuiu.ZhdanovaAA.Sprint4.Task0.V26.csproj", "{304457F6-AD5F-43BF-B8B8-411DB0D36667}"
EndProject
Project("{FAE04EC0-301F-11D3-BF4B-00C04F79EFBC}") = "Tyuiu.ZhdanovaAA.Sprint4.Task0.V26.Test", "Tyuiu.ZhdanovaAA.Sprint4.Task0.V26.Test\Tyuiu.ZhdanovaAA.Sprint4.Task0.V26.Test.csproj", "{72A1A963-CFE3-4B95-B609-2E0797BE927D}"
EndProject
Project("{FAE04EC0-301F-11D3-BF4B-00C04F79EFBC}") = "Tyuiu.ZhdanovaAA.Sprint4.Task0.V26.Lib", "Tyuiu.ZhdanovaAA.Sprint4.Task0.V26.Lib\Tyuiu.ZhdanovaAA.Sprint4.Task0.V26.Lib.csproj", "{4B6DD5E6-0A4B-451F-A554-DD9B2F860E1D}"
EndProject
Project("{2150E333-8FDC-42A3-9474-1A3956D46DE8}") = "Task1", "Task1", "{B2284A77-C10F-41B0-897F-E17ED031894A}"
EndProject
Project("{FAE04EC0-301F-11D3-BF4B-00C04F79EFBC}") = "Tyuiu.ZhdanovaAA.Sprint4.Task1.V1", "Tyuiu.ZhdanovaAA.Sprint4.Task1.V1\Tyuiu.ZhdanovaAA.Sprint4.Task1.V1.csproj", "{12F841FD-EC15-4C03-931A-31BF3B2029D7}"
EndProject
Project("{FAE04EC0-301F-11D3-BF4B-00C04F79EFBC}") = "Tyuiu.ZhdanovaAA.Sprint4.Task1.V1.Test", "Tyuiu.ZhdanovaAA.Sprint4.Task1.V1.Test\Tyuiu.ZhdanovaAA.Sprint4.Task1.V1.Test.csproj", "{41899C80-CCBC-46AF-9983-06FD260BFBE0}"
EndProject
Project("{FAE04EC0-301F-11D3-BF4B-00C04F79EFBC}") = "Tyuiu.ZhdanovaAA.Sprint4.Task1.V1.Lib", "Tyuiu.ZhdanovaAA.Sprint4.Task1.V1.Lib\Tyuiu.ZhdanovaAA.Sprint4.Task1.V1.Lib.csproj", "{709DF714-138B-4FAD-8E97-419F12979208}"
EndProject
Project("{2150E333-8FDC-42A3-9474-1A3956D46DE8}") = "Task2", "Task2", "{832E32E3-A042-4DCF-B40C-87C1108D43B3}"
EndProject
Project("{FAE04EC0-301F-11D3-BF4B-00C04F79EFBC}") = "Tyuiu.ZhdanovaAA.Sprint4.Task2.V19", "Tyuiu.ZhdanovaAA.Sprint4.Task2.V19\Tyuiu.ZhdanovaAA.Sprint4.Task2.V19.csproj", "{07E51C3A-CE65-40EA-A990-C7668B2028F1}"
EndProject
Project("{FAE04EC0-301F-11D3-BF4B-00C04F79EFBC}") = "Tyuiu.ZhdanovaAA.Sprint4.Task2.V19.Test", "Tyuiu.ZhdanovaAA.Sprint4.Task2.V19.Test\Tyuiu.ZhdanovaAA.Sprint4.Task2.V19.Test.csproj", "{9AD41379-33FF-4EAB-A86B-A83332A647C1}"
EndProject
Project("{FAE04EC0-301F-11D3-BF4B-00C04F79EFBC}") = "Tyuiu.ZhdanovaAA.Sprint4.Task2.V19.Lib", "Tyuiu.ZhdanovaAA.Sprint4.Task2.V19.Lib\Tyuiu.ZhdanovaAA.Sprint4.Task2.V19.Lib.csproj", "{8BD59403-ED70-4A9D-8767-00BE0252927B}"
EndProject
Project("{2150E333-8FDC-42A3-9474-1A3956D46DE8}") = "Task3", "Task3", "{F1D63097-E270-4A5A-8D0F-93610237ECA9}"
EndProject
Project("{FAE04EC0-301F-11D3-BF4B-00C04F79EFBC}") = "Tyuiu.ZhdanovaAA.Sprint4.Task3.V25", "Tyuiu.ZhdanovaAA.Sprint4.Task3.V25\Tyuiu.ZhdanovaAA.Sprint4.Task3.V25.csproj", "{FADF8AC4-186A-421D-A8A2-B2A812C21832}"
EndProject
Project("{FAE04EC0-301F-11D3-BF4B-00C04F79EFBC}") = "Tyuiu.ZhdanovaAA.Sprint4.Task3.V25.Test", "Tyuiu.ZhdanovaAA.Sprint4.Task3.V25.Test\Tyuiu.ZhdanovaAA.Sprint4.Task3.V25.Test.csproj", "{78FB8230-3A97-45BA-87D3-D7057A0FF478}"
EndProject
Project("{FAE04EC0-301F-11D3-BF4B-00C04F79EFBC}") = "Tyuiu.ZhdanovaAA.Sprint4.Task3.V25.Lib", "Tyuiu.ZhdanovaAA.Sprint4.Task3.V25.Lib\Tyuiu.ZhdanovaAA.Sprint4.Task3.V25.Lib.csproj", "{36009EEE-2958-48C7-852F-1D14393A5351}"
EndProject
Project("{2150E333-8FDC-42A3-9474-1A3956D46DE8}") = "Task4", "Task4", "{083D7AAD-F3B4-4CF2-A287-99FB97CA93DD}"
EndProject
Project("{FAE04EC0-301F-11D3-BF4B-00C04F79EFBC}") = "Tyuiu.ZhdanovaAA.Sprint4.Task4.V19", "Tyuiu.ZhdanovaAA.Sprint4.Task4.V19\Tyuiu.ZhdanovaAA.Sprint4.Task4.V19.csproj", "{50BE65E9-7DE0-4A61-82F0-FBABE69BECC7}"
EndProject
Project("{FAE04EC0-301F-11D3-BF4B-00C04F79EFBC}") = "Tyuiu.ZhdanovaAA.Sprint4.Task4.V19.Test", "Tyuiu.ZhdanovaAA.Sprint4.Task4.V19.Test\Tyuiu.ZhdanovaAA.Sprint4.Task4.V19.Test.csproj", "{CA3F7AA4-9430-4376-B967-B811E89896D3}"
EndProject
Project("{FAE04EC0-301F-11D3-BF4B-00C04F79EFBC}") = "Tyuiu.ZhdanovaAA.Sprint4.Task4.V19.Lib", "Tyuiu.ZhdanovaAA.Sprint4.Task4.V19.Lib\Tyuiu.ZhdanovaAA.Sprint4.Task4.V19.Lib.csproj", "{E4470CD3-E8FC-476B-9927-A48A22BC0010}"
EndProject
Project("{2150E333-8FDC-42A3-9474-1A3956D46DE8}") = "Task5", "Task5", "{D717CB7B-8763-4FA6-9ED3-967016238C4C}"
EndProject
Project("{FAE04EC0-301F-11D3-BF4B-00C04F79EFBC}") = "Tyuiu.ZhdanovaAA.Sprint4.Task5.V15", "Tyuiu.ZhdanovaAA.Sprint4.Task5.V15\Tyuiu.ZhdanovaAA.Sprint4.Task5.V15.csproj", "{E91AC781-55CC-4DFB-893A-BB5553847554}"
EndProject
Project("{FAE04EC0-301F-11D3-BF4B-00C04F79EFBC}") = "Tyuiu.ZhdanovaAA.Sprint4.Task5.V15.Test", "Tyuiu.ZhdanovaAA.Sprint4.Task5.V15.Test\Tyuiu.ZhdanovaAA.Sprint4.Task5.V15.Test.csproj", "{5ECF6F55-4AF5-4035-9022-8916D1B3D519}"
EndProject
Project("{FAE04EC0-301F-11D3-BF4B-00C04F79EFBC}") = "Tyuiu.ZhdanovaAA.Sprint4.Task5.V15.Lib", "Tyuiu.ZhdanovaAA.Sprint4.Task5.V15.Lib\Tyuiu.ZhdanovaAA.Sprint4.Task5.V15.Lib.csproj", "{4572BB89-5DF5-466F-A806-6E049A08C1A0}"
EndProject
Project("{2150E333-8FDC-42A3-9474-1A3956D46DE8}") = "Task6", "Task6", "{88CFCACE-8C37-4CD0-A4E5-DF946D1F68C1}"
EndProject
Project("{FAE04EC0-301F-11D3-BF4B-00C04F79EFBC}") = "Tyuiu.ZhdanovaAA.Sprint4.Task6.V4", "Tyuiu.ZhdanovaAA.Sprint4.Task6.V4\Tyuiu.ZhdanovaAA.Sprint4.Task6.V4.csproj", "{2386A096-0126-40AA-B506-C2D5ECCD632C}"
EndProject
Project("{FAE04EC0-301F-11D3-BF4B-00C04F79EFBC}") = "Tyuiu.ZhdanovaAA.Sprint4.Task6.V4.Test", "Tyuiu.ZhdanovaAA.Sprint4.Task6.V4.Test\Tyuiu.ZhdanovaAA.Sprint4.Task6.V4.Test.csproj", "{8B90587E-D002-42A5-8FB7-D79F7DC50F40}"
EndProject
Project("{FAE04EC0-301F-11D3-BF4B-00C04F79EFBC}") = "Tyuiu.ZhdanovaAA.Sprint4.Task6.V4.Lib", "Tyuiu.ZhdanovaAA.Sprint4.Task6.V4.Lib\Tyuiu.ZhdanovaAA.Sprint4.Task6.V4.Lib.csproj", "{375D52A7-0DD8-416E-9603-3FCA62A787B9}"
EndProject
Global
	GlobalSection(SolutionConfigurationPlatforms) = preSolution
		Debug|Any CPU = Debug|Any CPU
		Release|Any CPU = Release|Any CPU
	EndGlobalSection
	GlobalSection(ProjectConfigurationPlatforms) = postSolution
		{304457F6-AD5F-43BF-B8B8-411DB0D36667}.Debug|Any CPU.ActiveCfg = Debug|Any CPU
		{304457F6-AD5F-43BF-B8B8-411DB0D36667}.Debug|Any CPU.Build.0 = Debug|Any CPU
		{304457F6-AD5F-43BF-B8B8-411DB0D36667}.Release|Any CPU.ActiveCfg = Release|Any CPU
		{304457F6-AD5F-43BF-B8B8-411DB0D36667}.Release|Any CPU.Build.0 = Release|Any CPU
		{72A1A963-CFE3-4B95-B609-2E0797BE927D}.Debug|Any CPU.ActiveCfg = Debug|Any CPU
		{72A1A963-CFE3-4B95-B609-2E0797BE927D}.Debug|Any CPU.Build.0 = Debug|Any CPU
		{72A1A963-CFE3-4B95-B609-2E0797BE927D}.Release|Any CPU.ActiveCfg = Release|Any CPU
		{72A1A963-CFE3-4B95-B609-2E0797BE927D}.Release|Any CPU.Build.0 = Release|Any CPU
		{4B6DD5E6-0A4B-451F-A554-DD9B2F860E1D}.Debug|Any CPU.ActiveCfg = Debug|Any CPU
		{4B6DD5E6-0A4B-451F-A554-DD9B2F860E1D}.Debug|Any CPU.Build.0 = Debug|Any CPU
		{4B6DD5E6-0A4B-451F-A554-DD9B2F860E1D}.Release|Any CPU.ActiveCfg = Release|Any CPU
		{4B6DD5E6-0A4B-451F-A554-DD9B2F860E1D}.Release|Any CPU.Build.0 = Release|Any CPU
		{12F841FD-EC15-4C03-931A-31BF3B2029D7}.Debug|Any CPU.ActiveCfg = Debug|Any CPU
		{12F841FD-EC15-4C03-931A-31BF3B2029D7}.Debug|Any CPU.Build.0 = Debug|Any CPU
		{12F841FD-EC15-4C03-931A-31BF3B2029D7}.Release|Any CPU.ActiveCfg = Release|Any CPU
		{12F841FD-EC15-4C03-931A-31BF3B2029D7}.Release|Any CPU.Build.0 = Release|Any CPU
		{41899C80-CCBC-46AF-9983-06FD260BFBE0}.Debug|Any CPU.ActiveCfg = Debug|Any CPU
		{41899C80-CCBC-46AF-9983-06FD260BFBE0}.Debug|Any CPU.Build.0 = Debug|Any CPU
		{41899C80-CCBC-46AF-9983-06FD260BFBE0}.Release|Any CPU.ActiveCfg = Release|Any CPU
		{41899C80-CCBC-46AF-9983-06FD260BFBE0}.Release|Any CPU.Build.0 = Release|Any CPU
		{709DF714-138B-4FAD-8E97-419F12979208}.Debug|Any CPU.ActiveCfg = Debug|Any CPU
		{709DF714-138B-4FAD-8E97-419F12979208}.Debug|Any CPU.Build.0 = Debug|Any CPU
		{709DF714-138B-4FAD-8E97-419F12979208}.Release|Any CPU.ActiveCfg = Release|Any CPU
		{709DF714-138B-4FAD-8E97-419F12979208}.Release|Any CPU.Build.0 = Release|Any CPU
		{07E51C3A-CE65-40EA-A990-C7668B2028F1}.Debug|Any CPU.ActiveCfg = Debug|Any CPU
		{07E51C3A-CE65-40EA-A990-C7668B2028F1}.Debug|Any CPU.Build.0 = Debug|Any CPU
		{07E51C3A-CE65-40EA-A990-C7668B2028F1}.Release|Any CPU.ActiveCfg = Release|Any CPU
		{07E51C3A-CE65-40EA-A990-C7668B2028F1}.Release|Any CPU.Build.0 = Release|Any CPU
		{9AD41379-33FF-4EAB-A86B-A83332A647C1}.Debug|Any CPU.ActiveCfg = Debug|Any CPU
		{9AD41379-33FF-4EAB-A86B-A83332A647C1}.Debug|Any CPU.Build.0 = Debug|Any CPU
		{9AD41379-33FF-4EAB-A86B-A83332A647C1}.Release|Any CPU.ActiveCfg = Release|Any CPU
		{9AD41379-33FF-4EAB-A86B-A83332A647C1}.Release|Any CPU.Build.0 = Release|Any CPU
		{8BD59403-ED70-4A9D-8767-00BE0252927B}.Debug|Any CPU.ActiveCfg = Debug|Any CPU
		{8BD59403-ED70-4A9D-8767-00BE0252927B}.Debug|Any CPU.Build.0 = Debug|Any CPU
		{8BD59403-ED70-4A9D-8767-00BE0252927B}.Release|Any CPU.ActiveCfg = Release|Any CPU
		{8BD59403-ED70-4A9D-8767-00BE0252927B}.Release|Any CPU.Build.0 = Release|Any CPU
		{FADF8AC4-186A-421D-A8A2-B2A812C21832}.Debug|Any CPU.ActiveCfg = Debug|Any CPU
		{FADF8AC4-186A-421D-A8A2-B2A812C21832}.Debug|Any CPU.Build.0 = Debug|Any CPU
		{FADF8AC4-186A-421D-A8A2-B2A812C21832}.Release|Any CPU.ActiveCfg = Release|Any CPU
		{FADF8AC4-186A-421D-A8A2-B2A812C21832}.Release|Any CPU.Build.0 = Release|Any CPU
		{78FB8230-3A97-45BA-87D3-D7057A0FF478}.Debug|Any CPU.ActiveCfg = Debug|Any CPU
		{78FB8230-3A97-45BA-87D3-D7057A0FF478}.Debug|Any CPU.Build.0 = Debug|Any CPU
		{78FB8230-3A97-45BA-87D3-D7057A0FF478}.Release|Any CPU.ActiveCfg = Release|Any CPU
		{78FB8230-3A97-45BA-87D3-D7057A0FF478}.Release|Any CPU.Build.0 = Release|Any CPU
		{36009EEE-2958-48C7-852F-1D14393A5351}.Debug|Any CPU.ActiveCfg = Debug|Any CPU
		{36009EEE-2958-48C7-852F-1D14393A5351}.Debug|Any CPU.Build.0 = Debug|Any CPU
		{36009EEE-2958-48C7-852F-1D14393A5351}.Release|Any CPU.ActiveCfg = Release|Any CPU
		{36009EEE-2958-48C7-852F-1D14393A5351}.Release|Any CPU.Build.0 = Release|Any CPU
		{50BE65E9-7DE0-4A61-82F0-FBABE69BECC7}.Debug|Any CPU.ActiveCfg = Debug|Any CPU
		{50BE65E9-7DE0-4A61-82F0-FBABE69BECC7}.Debug|Any CPU.Build.0 = Debug|Any CPU
		{50BE65E9-7DE0-4A61-82F0-FBABE69BECC7}.Release|Any CPU.ActiveCfg = Release|Any CPU
		{50BE65E9-7DE0-4A61-82F0-FBABE69BECC7}.Release|Any CPU.Build.0 = Release|Any CPU
		{CA3F7AA4-9430-4376-B967-B811E89896D3}.Debug|Any CPU.ActiveCfg = Debug|Any CPU
		{CA3F7AA4-9430-4376-B967-B811E89896D3}.Debug|Any CPU.Build.0 = Debug|Any CPU
		{CA3F7AA4-9430-4376-B967-B811E89896D3}.Release|Any CPU.ActiveCfg = Release|Any CPU
		{CA3F7AA4-9430-4376-B967-B811E89896D3}.Release|Any CPU.Build.0 = Release|Any CPU
		{E4470CD3-E8FC-476B-9927-A48A22BC0010}.Debug|Any CPU.ActiveCfg = Debug|Any CPU
		{E4470CD3-E8FC-476B-9927-A48A22BC0010}.Debug|Any CPU.Build.0 = Debug|Any CPU
		{E4470CD3-E8FC-476B-9927-A48A22BC0010}.Release|Any CPU.ActiveCfg = Release|Any CPU
		{E4470CD3-E8FC-476B-9927-A48A22BC0010}.Release|Any CPU.Build.0 = Release|Any CPU
		{E91AC781-55CC-4DFB-893A-BB5553847554}.Debug|Any CPU.ActiveCfg = Debug|Any CPU
		{E91AC781-55CC-4DFB-893A-BB5553847554}.Debug|Any CPU.Build.0 = Debug|Any CPU
		{E91AC781-55CC-4DFB-893A-BB5553847554}.Release|Any CPU.ActiveCfg = Release|Any CPU
		{E91AC781-55CC-4DFB-893A-BB5553847554}.Release|Any CPU.Build.0 = Release|Any CPU
		{5ECF6F55-4AF5-4035-9022-8916D1B3D519}.Debug|Any CPU.ActiveCfg = Debug|Any CPU
		{5ECF6F55-4AF5-4035-9022-8916D1B3D519}.Debug|Any CPU.Build.0 = Debug|Any CPU
		{5ECF6F55-4AF5-4035-9022-8916D1B3D519}.Release|Any CPU.ActiveCfg = Release|Any CPU
		{5ECF6F55-4AF5-4035-9022-8916D1B3D519}.Release|Any CPU.Build.0 = Release|Any CPU
		{4572BB89-5DF5-466F-A806-6E049A08C1A0}.Debug|Any CPU.ActiveCfg = Debug|Any CPU
		{4572BB89-5DF5-466F-A806-6E049A08C1A0}.Debug|Any CPU.Build.0 = Debug|Any CPU
		{4572BB89-5DF5-466F-A806-6E049A08C1A0}.Release|Any CPU.ActiveCfg = Release|Any CPU
		{4572BB89-5DF5-466F-A806-6E049A08C1A0}.Release|Any CPU.Build.0 = Release|Any CPU
		{2386A096-0126-40AA-B506-C2D5ECCD632C}.Debug|Any CPU.ActiveCfg = Debug|Any CPU
		{2386A096-0126-40AA-B506-C2D5ECCD632C}.Debug|Any CPU.Build.0 = Debug|Any CPU
		{2386A096-0126-40AA-B506-C2D5ECCD632C}.Release|Any CPU.ActiveCfg = Release|Any CPU
		{2386A096-0126-40AA-B506-C2D5ECCD632C}.Release|Any CPU.Build.0 = Release|Any CPU
		{8B90587E-D002-42A5-8FB7-D79F7DC50F40}.Debug|Any CPU.ActiveCfg = Debug|Any CPU
		{8B90587E-D002-42A5-8FB7-D79F7DC50F40}.Debug|Any CPU.Build.0 = Debug|Any CPU
		{8B90587E-D002-42A5-8FB7-D79F7DC50F40}.Release|Any CPU.ActiveCfg = Release|Any CPU
		{8B90587E-D002-42A5-8FB7-D79F7DC50F40}.Release|Any CPU.Build.0 = Release|Any CPU
		{375D52A7-0DD8-416E-9603-3FCA62A787B9}.Debug|Any CPU.ActiveCfg = Debug|Any CPU
		{375D52A7-0DD8-416E-9603-3FCA62A787B9}.Debug|Any CPU.Build.0 = Debug|Any CPU
		{375D52A7-0DD8-416E-9603-3FCA62A787B9}.Release|Any CPU.ActiveCfg = Release|Any CPU
		{375D52A7-0DD8-416E-9603-3FCA62A787B9}.Release|Any CPU.Build.0 = Release|Any CPU
	EndGlobalSection
	GlobalSection(SolutionProperties) = preSolution
		HideSolutionNode = FALSE
	EndGlobalSection
	GlobalSection(NestedProjects) = preSolution
		{304457F6-AD5F-43BF-B8B8-411DB0D36667} = {08D96632-9863-4E30-9FFB-7144283FF8A2}
		{72A1A963-CFE3-4B95-B609-2E0797BE927D} = {08D96632-9863-4E30-9FFB-7144283FF8A2}
		{4B6DD5E6-0A4B-451F-A554-DD9B2F860E1D} = {08D96632-9863-4E30-9FFB-7144283FF8A2}
		{12F841FD-EC15-4C03-931A-31BF3B2029D7} = {B2284A77-C10F-41B0-897F-E17ED031894A}
		{41899C80-CCBC-46AF-9983-06FD260BFBE0} = {B2284A77-C10F-41B0-897F-E17ED031894A}
		{709DF714-138B-4FAD-8E97-419F12979208} = {B2284A77-C10F-41B0-897F-E17ED031894A}
		{07E51C3A-CE65-40EA-A990-C7668B2028F1} = {832E32E3-A042-4DCF-B40C-87C1108D43B3}
		{9AD41379-33FF-4EAB-A86B-A83332A647C1} = {832E32E3-A042-4DCF-B40C-87C1108D43B3}
		{8BD59403-ED70-4A9D-8767-00BE0252927B} = {832E32E3-A042-4DCF-B40C-87C1108D43B3}
		{FADF8AC4-186A-421D-A8A2-B2A812C21832} = {F1D63097-E270-4A5A-8D0F-93610237ECA9}
		{78FB8230-3A97-45BA-87D3-D7057A0FF478} = {F1D63097-E270-4A5A-8D0F-93610237ECA9}
		{36009EEE-2958-48C7-852F-1D14393A5351} = {F1D63097-E270-4A5A-8D0F-93610237ECA9}
		{50BE65E9-7DE0-4A61-82F0-FBABE69BECC7} = {083D7AAD-F3B4-4CF2-A287-99FB97CA93DD}
		{CA3F7AA4-9430-4376-B967-B811E89896D3} = {083D7AAD-F3B4-4CF2-A287-99FB97CA93DD}
		{E4470CD3-E8FC-476B-9927-A48A22BC0010} = {083D7AAD-F3B4-4CF2-A287-99FB97CA93DD}
		{E91AC781-55CC-4DFB-893A-BB5553847554} = {D717CB7B-8763-4FA6-9ED3-967016238C4C}
		{5ECF6F55-4AF5-4035-9022-8916D1B3D519} = {D717CB7B-8763-4FA6-9ED3-967016238C4C}
		{4572BB89-5DF5-466F-A806-6E049A08C1A0} = {D717CB7B-8763-4FA6-9ED3-967016238C4C}
		{2386A096-0126-40AA-B506-C2D5ECCD632C} = {88CFCACE-8C37-4CD0-A4E5-DF946D1F68C1}
		{8B90587E-D002-42A5-8FB7-D79F7DC50F40} = {88CFCACE-8C37-4CD0-A4E5-DF946D1F68C1}
		{375D52A7-0DD8-416E-9603-3FCA62A787B9} = {88CFCACE-8C37-4CD0-A4E5-DF946D1F68C1}
	EndGlobalSection
	GlobalSection(ExtensibilityGlobals) = postSolution
		SolutionGuid = {88980758-39D6-4560-B6EE-41C1B343116A}
	EndGlobalSection
EndGlobal
